
Microsoft Visual Studio Solution File, Format Version 12.00
# Visual Studio Version 16
VisualStudioVersion = 16.0.30717.126
MinimumVisualStudioVersion = 10.0.40219.1
Project("{FAE04EC0-301F-11D3-BF4B-00C04F79EFBC}") = "Expense Tracker", "Expense Tracker\Expense Tracker.csproj", "{3805907B-A959-4F65-923A-A18671687755}"
EndProject
Global
	GlobalSection(SolutionConfigurationPlatforms) = preSolution
		Debug|Any CPU = Debug|Any CPU
		Release|Any CPU = Release|Any CPU
	EndGlobalSection
	GlobalSection(ProjectConfigurationPlatforms) = postSolution
		{3805907B-A959-4F65-923A-A18671687755}.Debug|Any CPU.ActiveCfg = Debug|Any CPU
		{3805907B-A959-4F65-923A-A18671687755}.Debug|Any CPU.Build.0 = Debug|Any CPU
		{3805907B-A959-4F65-923A-A18671687755}.Release|Any CPU.ActiveCfg = Release|Any CPU
		{3805907B-A959-4F65-923A-A18671687755}.Release|Any CPU.Build.0 = Release|Any CPU
	EndGlobalSection
	GlobalSection(SolutionProperties) = preSolution
		HideSolutionNode = FALSE
	EndGlobalSection
	GlobalSection(ExtensibilityGlobals) = postSolution
		SolutionGuid = {33B45764-0F8D-4EBD-9B85-CADE23AB8BFE}
	EndGlobalSection
EndGlobal
